PODS:
  - Alamofire (4.0.1)
  - MQTTClient (0.8.5):
    - MQTTClient/Core (= 0.8.5)
  - MQTTClient/Core (0.8.5):
    - MQTTClient/Manager
    - MQTTClient/Min
  - MQTTClient/Manager (0.8.5):
    - MQTTClient/Min
  - MQTTClient/Min (0.8.5)
  - Promissum (1.0.0):
    - Promissum/Core (= 1.0.0)
  - Promissum/Alamofire (1.0.0):
    - Alamofire (~> 4.0)
    - Promissum/Core
  - Promissum/Core (1.0.0)
  - R.swift (3.0.0):
    - R.swift.Library (~> 3.0.0)
  - R.swift.Library (3.0.1)
  - Reachability (3.2)
  - RxSwift (3.0.0-beta.2)

DEPENDENCIES:
  - Alamofire (~> 4.0.0)
  - MQTTClient (~> 0.8.5)
  - Promissum (from `https://github.com/tomlokhorst/Promissum.git`)
  - Promissum/Alamofire (from `https://github.com/tomlokhorst/Promissum.git`)
  - R.swift (~> 3.0.0)
  - Reachability
  - RxSwift (= 3.0.0-beta.2)

EXTERNAL SOURCES:
  Promissum:
    :git: https://github.com/tomlokhorst/Promissum.git

CHECKOUT OPTIONS:
  Promissum:
    :commit: 06a9782473147aca8308d83ec97648c6fe0663a4
    :git: https://github.com/tomlokhorst/Promissum.git

SPEC CHECKSUMS:
  Alamofire: 7682d43245de14874acd142ec137b144aa1dd335
  MQTTClient: fca939bcd74aa70af2d8ee35f3e44f258f4e9888
  Promissum: 78ebc215aeab3a2d0d75682da2024f9a3afd4f38
  R.swift: 5a8b4a4ea565b0f20c39d8ce1445f3d3a9064768
  R.swift.Library: 0869d8d546517aa79db078fd8262724391a38db8
  Reachability: 33e18b67625424e47b6cde6d202dce689ad7af96
  RxSwift: 0ea939d7d97cb70657190ffde8dc2a9b455778fc

PODFILE CHECKSUM: 678714fddcc8d99dad68e3da4d56d991d94bcf47

COCOAPODS: 1.0.1
