// !$*UTF8*$!
{
	archiveVersion = 1;
	classes = {
	};
	objectVersion = 46;
	objects = {

/* Begin PBXBuildFile section */
		699C55C50DEA8C5B578A8FB2 /* Pods_HomeControl.framework in Frameworks */ = {isa = PBXBuildFile; fileRef = 707BA3C191EC60538C624174 /* Pods_HomeControl.framework */; };
		D50057B11C8DE2A600E28732 /* R.generated.swift in Sources */ = {isa = PBXBuildFile; fileRef = D50057B01C8DE2A600E28732 /* R.generated.swift */; };
		D52E04351C134BBC00054AF8 /* EventsViewController.swift in Sources */ = {isa = PBXBuildFile; fileRef = D52E04341C134BBC00054AF8 /* EventsViewController.swift */; };
		D53968891CC7E811006700A4 /* DisplayCell.swift in Sources */ = {isa = PBXBuildFile; fileRef = D53968871CC7E811006700A4 /* DisplayCell.swift */; };
		D539688A1CC7E811006700A4 /* DisplayCell.xib in Resources */ = {isa = PBXBuildFile; fileRef = D53968881CC7E811006700A4 /* DisplayCell.xib */; };
		D549EBFA1CCA13B900995DA2 /* UIColor+Hex.swift in Sources */ = {isa = PBXBuildFile; fileRef = D549EBF91CCA13B900995DA2 /* UIColor+Hex.swift */; };
		D549EBFC1CCA13FB00995DA2 /* UIViewController+Error.swift in Sources */ = {isa = PBXBuildFile; fileRef = D549EBFB1CCA13FB00995DA2 /* UIViewController+Error.swift */; };
		D549EBFE1CCA141300995DA2 /* UnitExtensions.swift in Sources */ = {isa = PBXBuildFile; fileRef = D549EBFD1CCA141300995DA2 /* UnitExtensions.swift */; };
		D549EC001CCA143000995DA2 /* NSUserDefaults+Subscript.swift in Sources */ = {isa = PBXBuildFile; fileRef = D549EBFF1CCA143000995DA2 /* NSUserDefaults+Subscript.swift */; };
		D549EC021CCA145500995DA2 /* ErrorType+Description.swift in Sources */ = {isa = PBXBuildFile; fileRef = D549EC011CCA145500995DA2 /* ErrorType+Description.swift */; };
		D54C8C0B1C9FDD5D0004B02D /* ReceivesMessages.swift in Sources */ = {isa = PBXBuildFile; fileRef = D54C8C0A1C9FDD5D0004B02D /* ReceivesMessages.swift */; };
		D54C8C0D1C9FDDF50004B02D /* SettingsViewController.swift in Sources */ = {isa = PBXBuildFile; fileRef = D54C8C0C1C9FDDF50004B02D /* SettingsViewController.swift */; };
		D54C8C0F1C9FDDFF0004B02D /* Settings.storyboard in Resources */ = {isa = PBXBuildFile; fileRef = D54C8C0E1C9FDDFF0004B02D /* Settings.storyboard */; };
		D561B15A1C524E5C00F4CEA9 /* DashboardViewController.swift in Sources */ = {isa = PBXBuildFile; fileRef = D561B1591C524E5C00F4CEA9 /* DashboardViewController.swift */; };
		D5653E601CCBC9C700417EF7 /* DashboardCell.swift in Sources */ = {isa = PBXBuildFile; fileRef = D5653E5F1CCBC9C700417EF7 /* DashboardCell.swift */; };
		D5879C2E1C650F35005BF7B6 /* MqttHomeClient.swift in Sources */ = {isa = PBXBuildFile; fileRef = D5879C2D1C650F35005BF7B6 /* MqttHomeClient.swift */; };
		D5879C301C650F3B005BF7B6 /* HttpHomeClient.swift in Sources */ = {isa = PBXBuildFile; fileRef = D5879C2F1C650F3B005BF7B6 /* HttpHomeClient.swift */; };
		D5A06C5F1C11AB0200664494 /* AppDelegate.swift in Sources */ = {isa = PBXBuildFile; fileRef = D5A06C5E1C11AB0200664494 /* AppDelegate.swift */; };
		D5A06C641C11AB0200664494 /* Main.storyboard in Resources */ = {isa = PBXBuildFile; fileRef = D5A06C621C11AB0200664494 /* Main.storyboard */; };
		D5A06C661C11AB0200664494 /* Assets.xcassets in Resources */ = {isa = PBXBuildFile; fileRef = D5A06C651C11AB0200664494 /* Assets.xcassets */; };
		D5A06C691C11AB0200664494 /* LaunchScreen.storyboard in Resources */ = {isa = PBXBuildFile; fileRef = D5A06C671C11AB0200664494 /* LaunchScreen.storyboard */; };
		D5A06C741C11AB0200664494 /* HomeControlTests.swift in Sources */ = {isa = PBXBuildFile; fileRef = D5A06C731C11AB0200664494 /* HomeControlTests.swift */; };
		D5A06C7F1C11AB0300664494 /* HomeControlUITests.swift in Sources */ = {isa = PBXBuildFile; fileRef = D5A06C7E1C11AB0300664494 /* HomeControlUITests.swift */; };
		D5A06C8D1C11AB9F00664494 /* MessagesViewController.swift in Sources */ = {isa = PBXBuildFile; fileRef = D5A06C8C1C11AB9F00664494 /* MessagesViewController.swift */; };
		D5A809FA1CA3CCAA00AB9323 /* UserDefaults.swift in Sources */ = {isa = PBXBuildFile; fileRef = D5A809F91CA3CCAA00AB9323 /* UserDefaults.swift */; };
		D5B3BB981C1441FC004C5D96 /* MessageAction.swift in Sources */ = {isa = PBXBuildFile; fileRef = D5B3BB971C1441FC004C5D96 /* MessageAction.swift */; };
		D5B3BB9A1C1442AA004C5D96 /* HomeClient.swift in Sources */ = {isa = PBXBuildFile; fileRef = D5B3BB991C1442AA004C5D96 /* HomeClient.swift */; };
		D5B540FF1C9D6A1C00E49508 /* ToggleSwitchCollectionViewCell.swift in Sources */ = {isa = PBXBuildFile; fileRef = D5B540FD1C9D6A1C00E49508 /* ToggleSwitchCollectionViewCell.swift */; };
		D5B541001C9D6A1C00E49508 /* ToggleSwitchCollectionViewCell.xib in Resources */ = {isa = PBXBuildFile; fileRef = D5B540FE1C9D6A1C00E49508 /* ToggleSwitchCollectionViewCell.xib */; };
		D5B541061C9D6B3400E49508 /* Message.swift in Sources */ = {isa = PBXBuildFile; fileRef = D5B541051C9D6B3400E49508 /* Message.swift */; };
		D5B541081C9D6BB500E49508 /* Dashboard.storyboard in Resources */ = {isa = PBXBuildFile; fileRef = D5B541071C9D6BB500E49508 /* Dashboard.storyboard */; };
		D5B5410B1C9D6C0300E49508 /* ButtonCollectionViewCell.swift in Sources */ = {isa = PBXBuildFile; fileRef = D5B541091C9D6C0300E49508 /* ButtonCollectionViewCell.swift */; };
		D5B5410C1C9D6C0300E49508 /* ButtonCollectionViewCell.xib in Resources */ = {isa = PBXBuildFile; fileRef = D5B5410A1C9D6C0300E49508 /* ButtonCollectionViewCell.xib */; };
		D5DEA5351CB6A634008DD971 /* SendsMessages.swift in Sources */ = {isa = PBXBuildFile; fileRef = D5DEA5341CB6A634008DD971 /* SendsMessages.swift */; };
/* End PBXBuildFile section */

/* Begin PBXContainerItemProxy section */
		D5A06C701C11AB0200664494 /* PBXContainerItemProxy */ = {
			isa = PBXContainerItemProxy;
			containerPortal = D5A06C531C11AB0200664494 /* Project object */;
			proxyType = 1;
			remoteGlobalIDString = D5A06C5A1C11AB0200664494;
			remoteInfo = HomeControl;
		};
		D5A06C7B1C11AB0200664494 /* PBXContainerItemProxy */ = {
			isa = PBXContainerItemProxy;
			containerPortal = D5A06C531C11AB0200664494 /* Project object */;
			proxyType = 1;
			remoteGlobalIDString = D5A06C5A1C11AB0200664494;
			remoteInfo = HomeControl;
		};
/* End PBXContainerItemProxy section */

/* Begin PBXFileReference section */
		267AAB44864D6B12C1527C42 /* Pods-HomeControl.debug.xcconfig */ = {isa = PBXFileReference; includeInIndex = 1; lastKnownFileType = text.xcconfig; name = "Pods-HomeControl.debug.xcconfig"; path = "Pods/Target Support Files/Pods-HomeControl/Pods-HomeControl.debug.xcconfig"; sourceTree = "<group>"; };
		707BA3C191EC60538C624174 /* Pods_HomeControl.framework */ = {isa = PBXFileReference; explicitFileType = wrapper.framework; includeInIndex = 0; path = Pods_HomeControl.framework; sourceTree = BUILT_PRODUCTS_DIR; };
		87AB8638862A41723CCFC337 /* Pods-HomeControl.release.xcconfig */ = {isa = PBXFileReference; includeInIndex = 1; lastKnownFileType = text.xcconfig; name = "Pods-HomeControl.release.xcconfig"; path = "Pods/Target Support Files/Pods-HomeControl/Pods-HomeControl.release.xcconfig"; sourceTree = "<group>"; };
		D50057B01C8DE2A600E28732 /* R.generated.swift */ = {isa = PBXFileReference; fileEncoding = 4; lastKnownFileType = sourcecode.swift; path = R.generated.swift; sourceTree = SOURCE_ROOT; };
		D52262B61C9AC547008E1569 /* DataMapper.framework */ = {isa = PBXFileReference; lastKnownFileType = wrapper.framework; name = DataMapper.framework; path = "DataMapper/build/Debug-iphoneos/DataMapper.framework"; sourceTree = "<group>"; };
		D52E04341C134BBC00054AF8 /* EventsViewController.swift */ = {isa = PBXFileReference; fileEncoding = 4; lastKnownFileType = sourcecode.swift; path = EventsViewController.swift; sourceTree = "<group>"; };
		D53968871CC7E811006700A4 /* DisplayCell.swift */ = {isa = PBXFileReference; fileEncoding = 4; lastKnownFileType = sourcecode.swift; name = DisplayCell.swift; path = Features/Dashboard/Cells/DisplayCell.swift; sourceTree = "<group>"; };
		D53968881CC7E811006700A4 /* DisplayCell.xib */ = {isa = PBXFileReference; fileEncoding = 4; lastKnownFileType = file.xib; name = DisplayCell.xib; path = Features/Dashboard/Cells/DisplayCell.xib; sourceTree = "<group>"; };
		D549EBF91CCA13B900995DA2 /* UIColor+Hex.swift */ = {isa = PBXFileReference; fileEncoding = 4; lastKnownFileType = sourcecode.swift; name = "UIColor+Hex.swift"; path = "Extensions/UIColor+Hex.swift"; sourceTree = "<group>"; };
		D549EBFB1CCA13FB00995DA2 /* UIViewController+Error.swift */ = {isa = PBXFileReference; fileEncoding = 4; lastKnownFileType = sourcecode.swift; name = "UIViewController+Error.swift"; path = "Extensions/UIViewController+Error.swift"; sourceTree = "<group>"; };
		D549EBFD1CCA141300995DA2 /* UnitExtensions.swift */ = {isa = PBXFileReference; fileEncoding = 4; lastKnownFileType = sourcecode.swift; name = UnitExtensions.swift; path = Extensions/UnitExtensions.swift; sourceTree = "<group>"; };
		D549EBFF1CCA143000995DA2 /* NSUserDefaults+Subscript.swift */ = {isa = PBXFileReference; fileEncoding = 4; lastKnownFileType = sourcecode.swift; name = "NSUserDefaults+Subscript.swift"; path = "Extensions/NSUserDefaults+Subscript.swift"; sourceTree = "<group>"; };
		D549EC011CCA145500995DA2 /* ErrorType+Description.swift */ = {isa = PBXFileReference; fileEncoding = 4; lastKnownFileType = sourcecode.swift; name = "ErrorType+Description.swift"; path = "Extensions/ErrorType+Description.swift"; sourceTree = "<group>"; };
		D54C8C0A1C9FDD5D0004B02D /* ReceivesMessages.swift */ = {isa = PBXFileReference; fileEncoding = 4; lastKnownFileType = sourcecode.swift; name = ReceivesMessages.swift; path = Features/Dashboard/Cells/ReceivesMessages.swift; sourceTree = "<group>"; };
		D54C8C0C1C9FDDF50004B02D /* SettingsViewController.swift */ = {isa = PBXFileReference; fileEncoding = 4; lastKnownFileType = sourcecode.swift; name = SettingsViewController.swift; path = Features/Settings/SettingsViewController.swift; sourceTree = "<group>"; };
		D54C8C0E1C9FDDFF0004B02D /* Settings.storyboard */ = {isa = PBXFileReference; fileEncoding = 4; lastKnownFileType = file.storyboard; name = Settings.storyboard; path = Features/Settings/Settings.storyboard; sourceTree = "<group>"; };
		D561B1591C524E5C00F4CEA9 /* DashboardViewController.swift */ = {isa = PBXFileReference; fileEncoding = 4; lastKnownFileType = sourcecode.swift; path = DashboardViewController.swift; sourceTree = "<group>"; };
		D5653E5F1CCBC9C700417EF7 /* DashboardCell.swift */ = {isa = PBXFileReference; fileEncoding = 4; lastKnownFileType = sourcecode.swift; name = DashboardCell.swift; path = Features/Dashboard/DashboardCell.swift; sourceTree = "<group>"; };
		D5879C2D1C650F35005BF7B6 /* MqttHomeClient.swift */ = {isa = PBXFileReference; fileEncoding = 4; lastKnownFileType = sourcecode.swift; name = MqttHomeClient.swift; path = Clients/MqttHomeClient.swift; sourceTree = "<group>"; };
		D5879C2F1C650F3B005BF7B6 /* HttpHomeClient.swift */ = {isa = PBXFileReference; fileEncoding = 4; lastKnownFileType = sourcecode.swift; path = HttpHomeClient.swift; sourceTree = "<group>"; };
		D5A06C5B1C11AB0200664494 /* HomeControl.app */ = {isa = PBXFileReference; explicitFileType = wrapper.application; includeInIndex = 0; path = HomeControl.app; sourceTree = BUILT_PRODUCTS_DIR; };
		D5A06C5E1C11AB0200664494 /* AppDelegate.swift */ = {isa = PBXFileReference; lastKnownFileType = sourcecode.swift; path = AppDelegate.swift; sourceTree = "<group>"; };
		D5A06C631C11AB0200664494 /* Base */ = {isa = PBXFileReference; lastKnownFileType = file.storyboard; name = Base; path = Base.lproj/Main.storyboard; sourceTree = "<group>"; };
		D5A06C651C11AB0200664494 /* Assets.xcassets */ = {isa = PBXFileReference; lastKnownFileType = folder.assetcatalog; path = Assets.xcassets; sourceTree = "<group>"; };
		D5A06C681C11AB0200664494 /* Base */ = {isa = PBXFileReference; lastKnownFileType = file.storyboard; name = Base; path = Base.lproj/LaunchScreen.storyboard; sourceTree = "<group>"; };
		D5A06C6A1C11AB0200664494 /* Info.plist */ = {isa = PBXFileReference; lastKnownFileType = text.plist.xml; path = Info.plist; sourceTree = "<group>"; };
		D5A06C6F1C11AB0200664494 /* HomeControlTests.xctest */ = {isa = PBXFileReference; explicitFileType = wrapper.cfbundle; includeInIndex = 0; path = HomeControlTests.xctest; sourceTree = BUILT_PRODUCTS_DIR; };
		D5A06C731C11AB0200664494 /* HomeControlTests.swift */ = {isa = PBXFileReference; lastKnownFileType = sourcecode.swift; path = HomeControlTests.swift; sourceTree = "<group>"; };
		D5A06C751C11AB0200664494 /* Info.plist */ = {isa = PBXFileReference; lastKnownFileType = text.plist.xml; path = Info.plist; sourceTree = "<group>"; };
		D5A06C7A1C11AB0200664494 /* HomeControlUITests.xctest */ = {isa = PBXFileReference; explicitFileType = wrapper.cfbundle; includeInIndex = 0; path = HomeControlUITests.xctest; sourceTree = BUILT_PRODUCTS_DIR; };
		D5A06C7E1C11AB0300664494 /* HomeControlUITests.swift */ = {isa = PBXFileReference; lastKnownFileType = sourcecode.swift; path = HomeControlUITests.swift; sourceTree = "<group>"; };
		D5A06C801C11AB0300664494 /* Info.plist */ = {isa = PBXFileReference; lastKnownFileType = text.plist.xml; path = Info.plist; sourceTree = "<group>"; };
		D5A06C8C1C11AB9F00664494 /* MessagesViewController.swift */ = {isa = PBXFileReference; fileEncoding = 4; lastKnownFileType = sourcecode.swift; path = MessagesViewController.swift; sourceTree = "<group>"; };
		D5A809F91CA3CCAA00AB9323 /* UserDefaults.swift */ = {isa = PBXFileReference; fileEncoding = 4; lastKnownFileType = sourcecode.swift; name = UserDefaults.swift; path = Utilities/UserDefaults.swift; sourceTree = "<group>"; };
		D5B3BB971C1441FC004C5D96 /* MessageAction.swift */ = {isa = PBXFileReference; fileEncoding = 4; lastKnownFileType = sourcecode.swift; path = MessageAction.swift; sourceTree = "<group>"; };
		D5B3BB991C1442AA004C5D96 /* HomeClient.swift */ = {isa = PBXFileReference; fileEncoding = 4; lastKnownFileType = sourcecode.swift; path = HomeClient.swift; sourceTree = "<group>"; };
		D5B540FD1C9D6A1C00E49508 /* ToggleSwitchCollectionViewCell.swift */ = {isa = PBXFileReference; fileEncoding = 4; lastKnownFileType = sourcecode.swift; name = ToggleSwitchCollectionViewCell.swift; path = Features/Dashboard/Cells/ToggleSwitchCollectionViewCell.swift; sourceTree = "<group>"; };
		D5B540FE1C9D6A1C00E49508 /* ToggleSwitchCollectionViewCell.xib */ = {isa = PBXFileReference; fileEncoding = 4; lastKnownFileType = file.xib; name = ToggleSwitchCollectionViewCell.xib; path = Features/Dashboard/Cells/ToggleSwitchCollectionViewCell.xib; sourceTree = "<group>"; };
		D5B541051C9D6B3400E49508 /* Message.swift */ = {isa = PBXFileReference; fileEncoding = 4; lastKnownFileType = sourcecode.swift; name = Message.swift; path = Domain/Message.swift; sourceTree = "<group>"; };
		D5B541071C9D6BB500E49508 /* Dashboard.storyboard */ = {isa = PBXFileReference; fileEncoding = 4; lastKnownFileType = file.storyboard; name = Dashboard.storyboard; path = Features/Dashboard/Dashboard.storyboard; sourceTree = "<group>"; };
		D5B541091C9D6C0300E49508 /* ButtonCollectionViewCell.swift */ = {isa = PBXFileReference; fileEncoding = 4; lastKnownFileType = sourcecode.swift; name = ButtonCollectionViewCell.swift; path = Features/Dashboard/Cells/ButtonCollectionViewCell.swift; sourceTree = "<group>"; };
		D5B5410A1C9D6C0300E49508 /* ButtonCollectionViewCell.xib */ = {isa = PBXFileReference; fileEncoding = 4; lastKnownFileType = file.xib; name = ButtonCollectionViewCell.xib; path = Features/Dashboard/Cells/ButtonCollectionViewCell.xib; sourceTree = "<group>"; };
		D5DEA5341CB6A634008DD971 /* SendsMessages.swift */ = {isa = PBXFileReference; fileEncoding = 4; lastKnownFileType = sourcecode.swift; name = SendsMessages.swift; path = Features/Dashboard/Cells/SendsMessages.swift; sourceTree = "<group>"; };
/* End PBXFileReference section */

/* Begin PBXFrameworksBuildPhase section */
		D5A06C581C11AB0200664494 /* Frameworks */ = {
			isa = PBXFrameworksBuildPhase;
			buildActionMask = 2147483647;
			files = (
				699C55C50DEA8C5B578A8FB2 /* Pods_HomeControl.framework in Frameworks */,
			);
			runOnlyForDeploymentPostprocessing = 0;
		};
		D5A06C6C1C11AB0200664494 /* Frameworks */ = {
			isa = PBXFrameworksBuildPhase;
			buildActionMask = 2147483647;
			files = (
			);
			runOnlyForDeploymentPostprocessing = 0;
		};
		D5A06C771C11AB0200664494 /* Frameworks */ = {
			isa = PBXFrameworksBuildPhase;
			buildActionMask = 2147483647;
			files = (
			);
			runOnlyForDeploymentPostprocessing = 0;
		};
/* End PBXFrameworksBuildPhase section */

/* Begin PBXGroup section */
		51E1496D0B97E10C2AA3064C /* Frameworks */ = {
			isa = PBXGroup;
			children = (
				D52262B61C9AC547008E1569 /* DataMapper.framework */,
				707BA3C191EC60538C624174 /* Pods_HomeControl.framework */,
			);
			name = Frameworks;
			sourceTree = "<group>";
		};
		7917CBDDE63BFDB6D33E62E0 /* Pods */ = {
			isa = PBXGroup;
			children = (
				267AAB44864D6B12C1527C42 /* Pods-HomeControl.debug.xcconfig */,
				87AB8638862A41723CCFC337 /* Pods-HomeControl.release.xcconfig */,
			);
			name = Pods;
			sourceTree = "<group>";
		};
		D50912AB1C134817009BFC9A /* ViewControllers */ = {
			isa = PBXGroup;
			children = (
				D5A06C8C1C11AB9F00664494 /* MessagesViewController.swift */,
				D52E04341C134BBC00054AF8 /* EventsViewController.swift */,
			);
			name = ViewControllers;
			sourceTree = "<group>";
		};
		D50912AC1C134821009BFC9A /* User interface */ = {
			isa = PBXGroup;
			children = (
				D5A06C621C11AB0200664494 /* Main.storyboard */,
				D5A06C671C11AB0200664494 /* LaunchScreen.storyboard */,
			);
			name = "User interface";
			sourceTree = "<group>";
		};
		D549EBF61CCA136D00995DA2 /* Extensions */ = {
			isa = PBXGroup;
			children = (
				D549EBFF1CCA143000995DA2 /* NSUserDefaults+Subscript.swift */,
				D549EBF91CCA13B900995DA2 /* UIColor+Hex.swift */,
				D549EBFB1CCA13FB00995DA2 /* UIViewController+Error.swift */,
				D549EBFD1CCA141300995DA2 /* UnitExtensions.swift */,
				D549EC011CCA145500995DA2 /* ErrorType+Description.swift */,
			);
			name = Extensions;
			sourceTree = "<group>";
		};
		D57C99E51C6CFB0D00CCC46F /* Supporting files */ = {
			isa = PBXGroup;
			children = (
				D50057B01C8DE2A600E28732 /* R.generated.swift */,
				D5A06C651C11AB0200664494 /* Assets.xcassets */,
				D5A06C6A1C11AB0200664494 /* Info.plist */,
			);
			name = "Supporting files";
			sourceTree = "<group>";
		};
		D5879C2C1C650F16005BF7B6 /* Clients */ = {
			isa = PBXGroup;
			children = (
				D5B3BB991C1442AA004C5D96 /* HomeClient.swift */,
				D5879C2F1C650F3B005BF7B6 /* HttpHomeClient.swift */,
				D5879C2D1C650F35005BF7B6 /* MqttHomeClient.swift */,
			);
			name = Clients;
			sourceTree = "<group>";
		};
		D5A06C521C11AB0200664494 = {
			isa = PBXGroup;
			children = (
				D5A06C5D1C11AB0200664494 /* HomeControl */,
				D5A06C721C11AB0200664494 /* HomeControlTests */,
				D5A06C7D1C11AB0200664494 /* HomeControlUITests */,
				D5A06C5C1C11AB0200664494 /* Products */,
				7917CBDDE63BFDB6D33E62E0 /* Pods */,
				51E1496D0B97E10C2AA3064C /* Frameworks */,
			);
			sourceTree = "<group>";
		};
		D5A06C5C1C11AB0200664494 /* Products */ = {
			isa = PBXGroup;
			children = (
				D5A06C5B1C11AB0200664494 /* HomeControl.app */,
				D5A06C6F1C11AB0200664494 /* HomeControlTests.xctest */,
				D5A06C7A1C11AB0200664494 /* HomeControlUITests.xctest */,
			);
			name = Products;
			sourceTree = "<group>";
		};
		D5A06C5D1C11AB0200664494 /* HomeControl */ = {
			isa = PBXGroup;
			children = (
				D5A06C5E1C11AB0200664494 /* AppDelegate.swift */,
				D5879C2C1C650F16005BF7B6 /* Clients */,
				D5B541041C9D6B2A00E49508 /* Domain */,
				D5B540FA1C9D69E700E49508 /* Features */,
				D50912AB1C134817009BFC9A /* ViewControllers */,
				D549EBF61CCA136D00995DA2 /* Extensions */,
				D5A809F81CA3CC9D00AB9323 /* Utilities */,
				D50912AC1C134821009BFC9A /* User interface */,
				D57C99E51C6CFB0D00CCC46F /* Supporting files */,
			);
			path = HomeControl;
			sourceTree = "<group>";
		};
		D5A06C721C11AB0200664494 /* HomeControlTests */ = {
			isa = PBXGroup;
			children = (
				D5A06C731C11AB0200664494 /* HomeControlTests.swift */,
				D5A06C751C11AB0200664494 /* Info.plist */,
			);
			path = HomeControlTests;
			sourceTree = "<group>";
		};
		D5A06C7D1C11AB0200664494 /* HomeControlUITests */ = {
			isa = PBXGroup;
			children = (
				D5A06C7E1C11AB0300664494 /* HomeControlUITests.swift */,
				D5A06C801C11AB0300664494 /* Info.plist */,
			);
			path = HomeControlUITests;
			sourceTree = "<group>";
		};
		D5A809F81CA3CC9D00AB9323 /* Utilities */ = {
			isa = PBXGroup;
			children = (
				D5A809F91CA3CCAA00AB9323 /* UserDefaults.swift */,
			);
			name = Utilities;
			sourceTree = "<group>";
		};
		D5B540FA1C9D69E700E49508 /* Features */ = {
			isa = PBXGroup;
			children = (
				D5B540FB1C9D69ED00E49508 /* Dashboard */,
				D5B540FC1C9D69F400E49508 /* Settings */,
			);
			name = Features;
			sourceTree = "<group>";
		};
		D5B540FB1C9D69ED00E49508 /* Dashboard */ = {
			isa = PBXGroup;
			children = (
				D5B541071C9D6BB500E49508 /* Dashboard.storyboard */,
				D561B1591C524E5C00F4CEA9 /* DashboardViewController.swift */,
				D5653E5F1CCBC9C700417EF7 /* DashboardCell.swift */,
				D54C8C0A1C9FDD5D0004B02D /* ReceivesMessages.swift */,
				D5DEA5341CB6A634008DD971 /* SendsMessages.swift */,
				D5B541011C9D6A2300E49508 /* Cells */,
			);
			name = Dashboard;
			sourceTree = "<group>";
		};
		D5B540FC1C9D69F400E49508 /* Settings */ = {
			isa = PBXGroup;
			children = (
				D54C8C0C1C9FDDF50004B02D /* SettingsViewController.swift */,
				D54C8C0E1C9FDDFF0004B02D /* Settings.storyboard */,
			);
			name = Settings;
			sourceTree = "<group>";
		};
		D5B541011C9D6A2300E49508 /* Cells */ = {
			isa = PBXGroup;
			children = (
				D5B540FD1C9D6A1C00E49508 /* ToggleSwitchCollectionViewCell.swift */,
				D5B540FE1C9D6A1C00E49508 /* ToggleSwitchCollectionViewCell.xib */,
				D5B541091C9D6C0300E49508 /* ButtonCollectionViewCell.swift */,
				D5B5410A1C9D6C0300E49508 /* ButtonCollectionViewCell.xib */,
				D53968871CC7E811006700A4 /* DisplayCell.swift */,
				D53968881CC7E811006700A4 /* DisplayCell.xib */,
			);
			name = Cells;
			sourceTree = "<group>";
		};
		D5B541041C9D6B2A00E49508 /* Domain */ = {
			isa = PBXGroup;
			children = (
				D5B3BB971C1441FC004C5D96 /* MessageAction.swift */,
				D5B541051C9D6B3400E49508 /* Message.swift */,
			);
			name = Domain;
			sourceTree = "<group>";
		};
/* End PBXGroup section */

/* Begin PBXNativeTarget section */
		D5A06C5A1C11AB0200664494 /* HomeControl */ = {
			isa = PBXNativeTarget;
			buildConfigurationList = D5A06C831C11AB0300664494 /* Build configuration list for PBXNativeTarget "HomeControl" */;
			buildPhases = (
				A581D714B2F702E63A8102FD /* Check Pods Manifest.lock */,
				D50057AF1C8DE22200E28732 /* ShellScript */,
				D5A06C571C11AB0200664494 /* Sources */,
				D5A06C581C11AB0200664494 /* Frameworks */,
				D5A06C591C11AB0200664494 /* Resources */,
				04DC39EBCAE66EFFB10BA0C6 /* Embed Pods Frameworks */,
				22B99865B2EBCD998528D4FE /* Copy Pods Resources */,
			);
			buildRules = (
			);
			dependencies = (
			);
			name = HomeControl;
			productName = HomeControl;
			productReference = D5A06C5B1C11AB0200664494 /* HomeControl.app */;
			productType = "com.apple.product-type.application";
		};
		D5A06C6E1C11AB0200664494 /* HomeControlTests */ = {
			isa = PBXNativeTarget;
			buildConfigurationList = D5A06C861C11AB0300664494 /* Build configuration list for PBXNativeTarget "HomeControlTests" */;
			buildPhases = (
				D5A06C6B1C11AB0200664494 /* Sources */,
				D5A06C6C1C11AB0200664494 /* Frameworks */,
				D5A06C6D1C11AB0200664494 /* Resources */,
			);
			buildRules = (
			);
			dependencies = (
				D5A06C711C11AB0200664494 /* PBXTargetDependency */,
			);
			name = HomeControlTests;
			productName = HomeControlTests;
			productReference = D5A06C6F1C11AB0200664494 /* HomeControlTests.xctest */;
			productType = "com.apple.product-type.bundle.unit-test";
		};
		D5A06C791C11AB0200664494 /* HomeControlUITests */ = {
			isa = PBXNativeTarget;
			buildConfigurationList = D5A06C891C11AB0300664494 /* Build configuration list for PBXNativeTarget "HomeControlUITests" */;
			buildPhases = (
				D5A06C761C11AB0200664494 /* Sources */,
				D5A06C771C11AB0200664494 /* Frameworks */,
				D5A06C781C11AB0200664494 /* Resources */,
			);
			buildRules = (
			);
			dependencies = (
				D5A06C7C1C11AB0200664494 /* PBXTargetDependency */,
			);
			name = HomeControlUITests;
			productName = HomeControlUITests;
			productReference = D5A06C7A1C11AB0200664494 /* HomeControlUITests.xctest */;
			productType = "com.apple.product-type.bundle.ui-testing";
		};
/* End PBXNativeTarget section */

/* Begin PBXProject section */
		D5A06C531C11AB0200664494 /* Project object */ = {
			isa = PBXProject;
			attributes = {
				LastSwiftUpdateCheck = 0710;
				LastUpgradeCheck = 0710;
				ORGANIZATIONNAME = Duckson;
				TargetAttributes = {
					D5A06C5A1C11AB0200664494 = {
						CreatedOnToolsVersion = 7.1.1;
						DevelopmentTeam = 3W68UU92K3;
					};
					D5A06C6E1C11AB0200664494 = {
						CreatedOnToolsVersion = 7.1.1;
						DevelopmentTeam = 3W68UU92K3;
						TestTargetID = D5A06C5A1C11AB0200664494;
					};
					D5A06C791C11AB0200664494 = {
						CreatedOnToolsVersion = 7.1.1;
						DevelopmentTeam = 3W68UU92K3;
						TestTargetID = D5A06C5A1C11AB0200664494;
					};
				};
			};
			buildConfigurationList = D5A06C561C11AB0200664494 /* Build configuration list for PBXProject "HomeControl" */;
			compatibilityVersion = "Xcode 3.2";
			developmentRegion = English;
			hasScannedForEncodings = 0;
			knownRegions = (
				en,
				Base,
			);
			mainGroup = D5A06C521C11AB0200664494;
			productRefGroup = D5A06C5C1C11AB0200664494 /* Products */;
			projectDirPath = "";
			projectRoot = "";
			targets = (
				D5A06C5A1C11AB0200664494 /* HomeControl */,
				D5A06C6E1C11AB0200664494 /* HomeControlTests */,
				D5A06C791C11AB0200664494 /* HomeControlUITests */,
			);
		};
/* End PBXProject section */

/* Begin PBXResourcesBuildPhase section */
		D5A06C591C11AB0200664494 /* Resources */ = {
			isa = PBXResourcesBuildPhase;
			buildActionMask = 2147483647;
			files = (
				D5A06C691C11AB0200664494 /* LaunchScreen.storyboard in Resources */,
				D5B541081C9D6BB500E49508 /* Dashboard.storyboard in Resources */,
				D5B5410C1C9D6C0300E49508 /* ButtonCollectionViewCell.xib in Resources */,
				D5A06C661C11AB0200664494 /* Assets.xcassets in Resources */,
				D5B541001C9D6A1C00E49508 /* ToggleSwitchCollectionViewCell.xib in Resources */,
				D5A06C641C11AB0200664494 /* Main.storyboard in Resources */,
				D539688A1CC7E811006700A4 /* DisplayCell.xib in Resources */,
				D54C8C0F1C9FDDFF0004B02D /* Settings.storyboard in Resources */,
			);
			runOnlyForDeploymentPostprocessing = 0;
		};
		D5A06C6D1C11AB0200664494 /* Resources */ = {
			isa = PBXResourcesBuildPhase;
			buildActionMask = 2147483647;
			files = (
			);
			runOnlyForDeploymentPostprocessing = 0;
		};
		D5A06C781C11AB0200664494 /* Resources */ = {
			isa = PBXResourcesBuildPhase;
			buildActionMask = 2147483647;
			files = (
			);
			runOnlyForDeploymentPostprocessing = 0;
		};
/* End PBXResourcesBuildPhase section */

/* Begin PBXShellScriptBuildPhase section */
		04DC39EBCAE66EFFB10BA0C6 /* Embed Pods Frameworks */ = {
			isa = PBXShellScriptBuildPhase;
			buildActionMask = 2147483647;
			files = (
			);
			inputPaths = (
			);
			name = "Embed Pods Frameworks";
			outputPaths = (
			);
			runOnlyForDeploymentPostprocessing = 0;
			shellPath = /bin/sh;
			shellScript = "\"${SRCROOT}/Pods/Target Support Files/Pods-HomeControl/Pods-HomeControl-frameworks.sh\"\n";
			showEnvVarsInLog = 0;
		};
		22B99865B2EBCD998528D4FE /* Copy Pods Resources */ = {
			isa = PBXShellScriptBuildPhase;
			buildActionMask = 2147483647;
			files = (
			);
			inputPaths = (
			);
			name = "Copy Pods Resources";
			outputPaths = (
			);
			runOnlyForDeploymentPostprocessing = 0;
			shellPath = /bin/sh;
			shellScript = "\"${SRCROOT}/Pods/Target Support Files/Pods-HomeControl/Pods-HomeControl-resources.sh\"\n";
			showEnvVarsInLog = 0;
		};
		A581D714B2F702E63A8102FD /* Check Pods Manifest.lock */ = {
			isa = PBXShellScriptBuildPhase;
			buildActionMask = 2147483647;
			files = (
			);
			inputPaths = (
			);
			name = "Check Pods Manifest.lock";
			outputPaths = (
			);
			runOnlyForDeploymentPostprocessing = 0;
			shellPath = /bin/sh;
			shellScript = "diff \"${PODS_ROOT}/../Podfile.lock\" \"${PODS_ROOT}/Manifest.lock\" > /dev/null\nif [[ $? != 0 ]] ; then\n    cat << EOM\nerror: The sandbox is not in sync with the Podfile.lock. Run 'pod install' or update your CocoaPods installation.\nEOM\n    exit 1\nfi\n";
			showEnvVarsInLog = 0;
		};
		D50057AF1C8DE22200E28732 /* ShellScript */ = {
			isa = PBXShellScriptBuildPhase;
			buildActionMask = 2147483647;
			files = (
			);
			inputPaths = (
			);
			outputPaths = (
			);
			runOnlyForDeploymentPostprocessing = 0;
			shellPath = /bin/sh;
			shellScript = "\"$PODS_ROOT/R.swift/rswift\" \"$SRCROOT\"";
		};
/* End PBXShellScriptBuildPhase section */

/* Begin PBXSourcesBuildPhase section */
		D5A06C571C11AB0200664494 /* Sources */ = {
			isa = PBXSourcesBuildPhase;
			buildActionMask = 2147483647;
			files = (
				D5A06C5F1C11AB0200664494 /* AppDelegate.swift in Sources */,
				D549EBFC1CCA13FB00995DA2 /* UIViewController+Error.swift in Sources */,
				D50057B11C8DE2A600E28732 /* R.generated.swift in Sources */,
				D561B15A1C524E5C00F4CEA9 /* DashboardViewController.swift in Sources */,
				D54C8C0D1C9FDDF50004B02D /* SettingsViewController.swift in Sources */,
				D5B541061C9D6B3400E49508 /* Message.swift in Sources */,
				D5DEA5351CB6A634008DD971 /* SendsMessages.swift in Sources */,
				D5B3BB981C1441FC004C5D96 /* MessageAction.swift in Sources */,
				D5A06C8D1C11AB9F00664494 /* MessagesViewController.swift in Sources */,
				D53968891CC7E811006700A4 /* DisplayCell.swift in Sources */,
				D5B3BB9A1C1442AA004C5D96 /* HomeClient.swift in Sources */,
				D5A809FA1CA3CCAA00AB9323 /* UserDefaults.swift in Sources */,
				D52E04351C134BBC00054AF8 /* EventsViewController.swift in Sources */,
				D5B540FF1C9D6A1C00E49508 /* ToggleSwitchCollectionViewCell.swift in Sources */,
				D549EBFA1CCA13B900995DA2 /* UIColor+Hex.swift in Sources */,
				D54C8C0B1C9FDD5D0004B02D /* ReceivesMessages.swift in Sources */,
				D549EC001CCA143000995DA2 /* NSUserDefaults+Subscript.swift in Sources */,
				D549EC021CCA145500995DA2 /* ErrorType+Description.swift in Sources */,
				D5879C301C650F3B005BF7B6 /* HttpHomeClient.swift in Sources */,
				D5653E601CCBC9C700417EF7 /* DashboardCell.swift in Sources */,
				D5B5410B1C9D6C0300E49508 /* ButtonCollectionViewCell.swift in Sources */,
				D549EBFE1CCA141300995DA2 /* UnitExtensions.swift in Sources */,
				D5879C2E1C650F35005BF7B6 /* MqttHomeClient.swift in Sources */,
			);
			runOnlyForDeploymentPostprocessing = 0;
		};
		D5A06C6B1C11AB0200664494 /* Sources */ = {
			isa = PBXSourcesBuildPhase;
			buildActionMask = 2147483647;
			files = (
				D5A06C741C11AB0200664494 /* HomeControlTests.swift in Sources */,
			);
			runOnlyForDeploymentPostprocessing = 0;
		};
		D5A06C761C11AB0200664494 /* Sources */ = {
			isa = PBXSourcesBuildPhase;
			buildActionMask = 2147483647;
			files = (
				D5A06C7F1C11AB0300664494 /* HomeControlUITests.swift in Sources */,
			);
			runOnlyForDeploymentPostprocessing = 0;
		};
/* End PBXSourcesBuildPhase section */

/* Begin PBXTargetDependency section */
		D5A06C711C11AB0200664494 /* PBXTargetDependency */ = {
			isa = PBXTargetDependency;
			target = D5A06C5A1C11AB0200664494 /* HomeControl */;
			targetProxy = D5A06C701C11AB0200664494 /* PBXContainerItemProxy */;
		};
		D5A06C7C1C11AB0200664494 /* PBXTargetDependency */ = {
			isa = PBXTargetDependency;
			target = D5A06C5A1C11AB0200664494 /* HomeControl */;
			targetProxy = D5A06C7B1C11AB0200664494 /* PBXContainerItemProxy */;
		};
/* End PBXTargetDependency section */

/* Begin PBXVariantGroup section */
		D5A06C621C11AB0200664494 /* Main.storyboard */ = {
			isa = PBXVariantGroup;
			children = (
				D5A06C631C11AB0200664494 /* Base */,
			);
			name = Main.storyboard;
			sourceTree = "<group>";
		};
		D5A06C671C11AB0200664494 /* LaunchScreen.storyboard */ = {
			isa = PBXVariantGroup;
			children = (
				D5A06C681C11AB0200664494 /* Base */,
			);
			name = LaunchScreen.storyboard;
			sourceTree = "<group>";
		};
/* End PBXVariantGroup section */

/* Begin XCBuildConfiguration section */
		D5A06C811C11AB0300664494 /* Debug */ = {
			isa = XCBuildConfiguration;
			buildSettings = {
				ALWAYS_SEARCH_USER_PATHS = NO;
				CLANG_CXX_LANGUAGE_STANDARD = "gnu++0x";
				CLANG_CXX_LIBRARY = "libc++";
				CLANG_ENABLE_MODULES = YES;
				CLANG_ENABLE_OBJC_ARC = YES;
				CLANG_WARN_BOOL_CONVERSION = YES;
				CLANG_WARN_CONSTANT_CONVERSION = YES;
				CLANG_WARN_DIRECT_OBJC_ISA_USAGE = YES_ERROR;
				CLANG_WARN_EMPTY_BODY = YES;
				CLANG_WARN_ENUM_CONVERSION = YES;
				CLANG_WARN_INT_CONVERSION = YES;
				CLANG_WARN_OBJC_ROOT_CLASS = YES_ERROR;
				CLANG_WARN_UNREACHABLE_CODE = YES;
				CLANG_WARN__DUPLICATE_METHOD_MATCH = YES;
				"CODE_SIGN_IDENTITY[sdk=iphoneos*]" = "iPhone Developer";
				COPY_PHASE_STRIP = NO;
				DEBUG_INFORMATION_FORMAT = dwarf;
				ENABLE_STRICT_OBJC_MSGSEND = YES;
				ENABLE_TESTABILITY = YES;
				GCC_C_LANGUAGE_STANDARD = gnu99;
				GCC_DYNAMIC_NO_PIC = NO;
				GCC_NO_COMMON_BLOCKS = YES;
				GCC_OPTIMIZATION_LEVEL = 0;
				GCC_PREPROCESSOR_DEFINITIONS = (
					"DEBUG=1",
					"$(inherited)",
				);
				GCC_WARN_64_TO_32_BIT_CONVERSION = YES;
				GCC_WARN_ABOUT_RETURN_TYPE = YES_ERROR;
				GCC_WARN_UNDECLARED_SELECTOR = YES;
				GCC_WARN_UNINITIALIZED_AUTOS = YES_AGGRESSIVE;
				GCC_WARN_UNUSED_FUNCTION = YES;
				GCC_WARN_UNUSED_VARIABLE = YES;
				IPHONEOS_DEPLOYMENT_TARGET = 9.1;
				MTL_ENABLE_DEBUG_INFO = YES;
				ONLY_ACTIVE_ARCH = YES;
				SDKROOT = iphoneos;
				SWIFT_OPTIMIZATION_LEVEL = "-Onone";
				TARGETED_DEVICE_FAMILY = "1,2";
			};
			name = Debug;
		};
		D5A06C821C11AB0300664494 /* Release */ = {
			isa = XCBuildConfiguration;
			buildSettings = {
				ALWAYS_SEARCH_USER_PATHS = NO;
				CLANG_CXX_LANGUAGE_STANDARD = "gnu++0x";
				CLANG_CXX_LIBRARY = "libc++";
				CLANG_ENABLE_MODULES = YES;
				CLANG_ENABLE_OBJC_ARC = YES;
				CLANG_WARN_BOOL_CONVERSION = YES;
				CLANG_WARN_CONSTANT_CONVERSION = YES;
				CLANG_WARN_DIRECT_OBJC_ISA_USAGE = YES_ERROR;
				CLANG_WARN_EMPTY_BODY = YES;
				CLANG_WARN_ENUM_CONVERSION = YES;
				CLANG_WARN_INT_CONVERSION = YES;
				CLANG_WARN_OBJC_ROOT_CLASS = YES_ERROR;
				CLANG_WARN_UNREACHABLE_CODE = YES;
				CLANG_WARN__DUPLICATE_METHOD_MATCH = YES;
				"CODE_SIGN_IDENTITY[sdk=iphoneos*]" = "iPhone Developer";
				COPY_PHASE_STRIP = NO;
				DEBUG_INFORMATION_FORMAT = "dwarf-with-dsym";
				ENABLE_NS_ASSERTIONS = NO;
				ENABLE_STRICT_OBJC_MSGSEND = YES;
				GCC_C_LANGUAGE_STANDARD = gnu99;
				GCC_NO_COMMON_BLOCKS = YES;
				GCC_WARN_64_TO_32_BIT_CONVERSION = YES;
				GCC_WARN_ABOUT_RETURN_TYPE = YES_ERROR;
				GCC_WARN_UNDECLARED_SELECTOR = YES;
				GCC_WARN_UNINITIALIZED_AUTOS = YES_AGGRESSIVE;
				GCC_WARN_UNUSED_FUNCTION = YES;
				GCC_WARN_UNUSED_VARIABLE = YES;
				IPHONEOS_DEPLOYMENT_TARGET = 9.1;
				MTL_ENABLE_DEBUG_INFO = NO;
				SDKROOT = iphoneos;
				TARGETED_DEVICE_FAMILY = "1,2";
				VALIDATE_PRODUCT = YES;
			};
			name = Release;
		};
		D5A06C841C11AB0300664494 /* Debug */ = {
			isa = XCBuildConfiguration;
			baseConfigurationReference = 267AAB44864D6B12C1527C42 /* Pods-HomeControl.debug.xcconfig */;
			buildSettings = {
				ASSETCATALOG_COMPILER_APPICON_NAME = AppIcon;
				FRAMEWORK_SEARCH_PATHS = (
					"$(inherited)",
					"$(PROJECT_DIR)/DataMapper/build/Debug-iphoneos",
				);
				INFOPLIST_FILE = HomeControl/Info.plist;
				IPHONEOS_DEPLOYMENT_TARGET = 9.0;
				LD_RUNPATH_SEARCH_PATHS = "$(inherited) @executable_path/Frameworks";
				PRODUCT_BUNDLE_IDENTIFIER = nl.duckson.HomeControl;
				PRODUCT_NAME = "$(TARGET_NAME)";
			};
			name = Debug;
		};
		D5A06C851C11AB0300664494 /* Release */ = {
			isa = XCBuildConfiguration;
			baseConfigurationReference = 87AB8638862A41723CCFC337 /* Pods-HomeControl.release.xcconfig */;
			buildSettings = {
				ASSETCATALOG_COMPILER_APPICON_NAME = AppIcon;
				FRAMEWORK_SEARCH_PATHS = (
					"$(inherited)",
					"$(PROJECT_DIR)/DataMapper/build/Debug-iphoneos",
				);
				INFOPLIST_FILE = HomeControl/Info.plist;
				IPHONEOS_DEPLOYMENT_TARGET = 9.0;
				LD_RUNPATH_SEARCH_PATHS = "$(inherited) @executable_path/Frameworks";
				PRODUCT_BUNDLE_IDENTIFIER = nl.duckson.HomeControl;
				PRODUCT_NAME = "$(TARGET_NAME)";
			};
			name = Release;
		};
		D5A06C871C11AB0300664494 /* Debug */ = {
			isa = XCBuildConfiguration;
			buildSettings = {
				BUNDLE_LOADER = "$(TEST_HOST)";
				INFOPLIST_FILE = HomeControlTests/Info.plist;
				LD_RUNPATH_SEARCH_PATHS = "$(inherited) @executable_path/Frameworks @loader_path/Frameworks";
				PRODUCT_BUNDLE_IDENTIFIER = nl.duckson.HomeControlTests;
				PRODUCT_NAME = "$(TARGET_NAME)";
				TEST_HOST = "$(BUILT_PRODUCTS_DIR)/HomeControl.app/HomeControl";
			};
			name = Debug;
		};
		D5A06C881C11AB0300664494 /* Release */ = {
			isa = XCBuildConfiguration;
			buildSettings = {
				BUNDLE_LOADER = "$(TEST_HOST)";
				INFOPLIST_FILE = HomeControlTests/Info.plist;
				LD_RUNPATH_SEARCH_PATHS = "$(inherited) @executable_path/Frameworks @loader_path/Frameworks";
				PRODUCT_BUNDLE_IDENTIFIER = nl.duckson.HomeControlTests;
				PRODUCT_NAME = "$(TARGET_NAME)";
				TEST_HOST = "$(BUILT_PRODUCTS_DIR)/HomeControl.app/HomeControl";
			};
			name = Release;
		};
		D5A06C8A1C11AB0300664494 /* Debug */ = {
			isa = XCBuildConfiguration;
			buildSettings = {
				INFOPLIST_FILE = HomeControlUITests/Info.plist;
				LD_RUNPATH_SEARCH_PATHS = "$(inherited) @executable_path/Frameworks @loader_path/Frameworks";
				PRODUCT_BUNDLE_IDENTIFIER = nl.duckson.HomeControlUITests;
				PRODUCT_NAME = "$(TARGET_NAME)";
				TEST_TARGET_NAME = HomeControl;
				USES_XCTRUNNER = YES;
			};
			name = Debug;
		};
		D5A06C8B1C11AB0300664494 /* Release */ = {
			isa = XCBuildConfiguration;
			buildSettings = {
				INFOPLIST_FILE = HomeControlUITests/Info.plist;
				LD_RUNPATH_SEARCH_PATHS = "$(inherited) @executable_path/Frameworks @loader_path/Frameworks";
				PRODUCT_BUNDLE_IDENTIFIER = nl.duckson.HomeControlUITests;
				PRODUCT_NAME = "$(TARGET_NAME)";
				TEST_TARGET_NAME = HomeControl;
				USES_XCTRUNNER = YES;
			};
			name = Release;
		};
/* End XCBuildConfiguration section */

/* Begin XCConfigurationList section */
		D5A06C561C11AB0200664494 /* Build configuration list for PBXProject "HomeControl" */ = {
			isa = XCConfigurationList;
			buildConfigurations = (
				D5A06C811C11AB0300664494 /* Debug */,
				D5A06C821C11AB0300664494 /* Release */,
			);
			defaultConfigurationIsVisible = 0;
			defaultConfigurationName = Release;
		};
		D5A06C831C11AB0300664494 /* Build configuration list for PBXNativeTarget "HomeControl" */ = {
			isa = XCConfigurationList;
			buildConfigurations = (
				D5A06C841C11AB0300664494 /* Debug */,
				D5A06C851C11AB0300664494 /* Release */,
			);
			defaultConfigurationIsVisible = 0;
			defaultConfigurationName = Release;
		};
		D5A06C861C11AB0300664494 /* Build configuration list for PBXNativeTarget "HomeControlTests" */ = {
			isa = XCConfigurationList;
			buildConfigurations = (
				D5A06C871C11AB0300664494 /* Debug */,
				D5A06C881C11AB0300664494 /* Release */,
			);
			defaultConfigurationIsVisible = 0;
			defaultConfigurationName = Release;
		};
		D5A06C891C11AB0300664494 /* Build configuration list for PBXNativeTarget "HomeControlUITests" */ = {
			isa = XCConfigurationList;
			buildConfigurations = (
				D5A06C8A1C11AB0300664494 /* Debug */,
				D5A06C8B1C11AB0300664494 /* Release */,
			);
			defaultConfigurationIsVisible = 0;
			defaultConfigurationName = Release;
		};
/* End XCConfigurationList section */
	};
	rootObject = D5A06C531C11AB0200664494 /* Project object */;
}
